// !$*UTF8*$!
{
	archiveVersion = 1;
	classes = {
	};
	objectVersion = 56;
	objects = {

/* Begin PBXBuildFile section */
		660197CC2B167B53001616DA /* SwiftUI_FrameworksApp.swift in Sources */ = {isa = PBXBuildFile; fileRef = 660197CB2B167B53001616DA /* SwiftUI_FrameworksApp.swift */; };
		660197D02B167B55001616DA /* Assets.xcassets in Resources */ = {isa = PBXBuildFile; fileRef = 660197CF2B167B55001616DA /* Assets.xcassets */; };
		660197D32B167B55001616DA /* Preview Assets.xcassets in Resources */ = {isa = PBXBuildFile; fileRef = 660197D22B167B55001616DA /* Preview Assets.xcassets */; };
		660197DA2B167B7C001616DA /* FrameworkStack.swift in Sources */ = {isa = PBXBuildFile; fileRef = 660197D92B167B7C001616DA /* FrameworkStack.swift */; };
		660197DC2B167BA7001616DA /* Framework.swift in Sources */ = {isa = PBXBuildFile; fileRef = 660197DB2B167BA7001616DA /* Framework.swift */; };
		660197E02B167BE7001616DA /* FrameworksGridView.swift in Sources */ = {isa = PBXBuildFile; fileRef = 660197DF2B167BE7001616DA /* FrameworksGridView.swift */; };
		660197E22B169AF3001616DA /* FrameworkDetailView.swift in Sources */ = {isa = PBXBuildFile; fileRef = 660197E12B169AF3001616DA /* FrameworkDetailView.swift */; };
		660197E42B169EDD001616DA /* AFButton.swift in Sources */ = {isa = PBXBuildFile; fileRef = 660197E32B169EDD001616DA /* AFButton.swift */; };
		660197E62B16A5A2001616DA /* FrameworkGridViewModel.swift in Sources */ = {isa = PBXBuildFile; fileRef = 660197E52B16A5A2001616DA /* FrameworkGridViewModel.swift */; };
		660197E82B16C928001616DA /* SafariView.swift in Sources */ = {isa = PBXBuildFile; fileRef = 660197E72B16C928001616DA /* SafariView.swift */; };
		660197EA2B16D7A8001616DA /* XDismissButton.swift in Sources */ = {isa = PBXBuildFile; fileRef = 660197E92B16D7A8001616DA /* XDismissButton.swift */; };
		66EC8DDA2B263FC300DE835D /* FrameworkDetailViewModel.swift in Sources */ = {isa = PBXBuildFile; fileRef = 66EC8DD92B263FC300DE835D /* FrameworkDetailViewModel.swift */; };
/* End PBXBuildFile section */

/* Begin PBXFileReference section */
		660197C82B167B53001616DA /* SwiftUI-Frameworks.app */ = {isa = PBXFileReference; explicitFileType = wrapper.application; includeInIndex = 0; path = "SwiftUI-Frameworks.app"; sourceTree = BUILT_PRODUCTS_DIR; };
		660197CB2B167B53001616DA /* SwiftUI_FrameworksApp.swift */ = {isa = PBXFileReference; lastKnownFileType = sourcecode.swift; path = SwiftUI_FrameworksApp.swift; sourceTree = "<group>"; };
		660197CF2B167B55001616DA /* Assets.xcassets */ = {isa = PBXFileReference; lastKnownFileType = folder.assetcatalog; path = Assets.xcassets; sourceTree = "<group>"; };
		660197D22B167B55001616DA /* Preview Assets.xcassets */ = {isa = PBXFileReference; lastKnownFileType = folder.assetcatalog; path = "Preview Assets.xcassets"; sourceTree = "<group>"; };
		660197D92B167B7C001616DA /* FrameworkStack.swift */ = {isa = PBXFileReference; lastKnownFileType = sourcecode.swift; path = FrameworkStack.swift; sourceTree = "<group>"; };
		660197DB2B167BA7001616DA /* Framework.swift */ = {isa = PBXFileReference; lastKnownFileType = sourcecode.swift; path = Framework.swift; sourceTree = "<group>"; };
		660197DF2B167BE7001616DA /* FrameworksGridView.swift */ = {isa = PBXFileReference; lastKnownFileType = sourcecode.swift; path = FrameworksGridView.swift; sourceTree = "<group>"; };
		660197E12B169AF3001616DA /* FrameworkDetailView.swift */ = {isa = PBXFileReference; lastKnownFileType = sourcecode.swift; path = FrameworkDetailView.swift; sourceTree = "<group>"; };
		660197E32B169EDD001616DA /* AFButton.swift */ = {isa = PBXFileReference; lastKnownFileType = sourcecode.swift; path = AFButton.swift; sourceTree = "<group>"; };
		660197E52B16A5A2001616DA /* FrameworkGridViewModel.swift */ = {isa = PBXFileReference; lastKnownFileType = sourcecode.swift; path = FrameworkGridViewModel.swift; sourceTree = "<group>"; };
		660197E72B16C928001616DA /* SafariView.swift */ = {isa = PBXFileReference; lastKnownFileType = sourcecode.swift; path = SafariView.swift; sourceTree = "<group>"; };
		660197E92B16D7A8001616DA /* XDismissButton.swift */ = {isa = PBXFileReference; lastKnownFileType = sourcecode.swift; path = XDismissButton.swift; sourceTree = "<group>"; };
		66EC8DD92B263FC300DE835D /* FrameworkDetailViewModel.swift */ = {isa = PBXFileReference; lastKnownFileType = sourcecode.swift; path = FrameworkDetailViewModel.swift; sourceTree = "<group>"; };
/* End PBXFileReference section */

/* Begin PBXFrameworksBuildPhase section */
		660197C52B167B53001616DA /* Frameworks */ = {
			isa = PBXFrameworksBuildPhase;
			buildActionMask = 2147483647;
			files = (
			);
			runOnlyForDeploymentPostprocessing = 0;
		};
/* End PBXFrameworksBuildPhase section */

/* Begin PBXGroup section */
		660197BF2B167B53001616DA = {
			isa = PBXGroup;
			children = (
				660197CA2B167B53001616DA /* SwiftUI-Frameworks */,
				660197C92B167B53001616DA /* Products */,
			);
			sourceTree = "<group>";
		};
		660197C92B167B53001616DA /* Products */ = {
			isa = PBXGroup;
			children = (
				660197C82B167B53001616DA /* SwiftUI-Frameworks.app */,
			);
			name = Products;
			sourceTree = "<group>";
		};
		660197CA2B167B53001616DA /* SwiftUI-Frameworks */ = {
			isa = PBXGroup;
			children = (
				660197F42B16DB32001616DA /* UI Kit Components */,
				660197EF2B16DA5C001616DA /* Model */,
				660197EE2B16DA59001616DA /* Screens */,
				660197ED2B16D9DB001616DA /* Views */,
				660197CF2B167B55001616DA /* Assets.xcassets */,
				660197D12B167B55001616DA /* Preview Content */,
			);
			path = "SwiftUI-Frameworks";
			sourceTree = "<group>";
		};
		660197D12B167B55001616DA /* Preview Content */ = {
			isa = PBXGroup;
			children = (
				660197D22B167B55001616DA /* Preview Assets.xcassets */,
			);
			path = "Preview Content";
			sourceTree = "<group>";
		};
		660197ED2B16D9DB001616DA /* Views */ = {
			isa = PBXGroup;
			children = (
				660197F32B16DB01001616DA /* View */,
				660197F22B16DAEF001616DA /* Buttons */,
			);
			path = Views;
			sourceTree = "<group>";
		};
		660197EE2B16DA59001616DA /* Screens */ = {
			isa = PBXGroup;
			children = (
				660197F02B16DA7A001616DA /* FrameworkGridView */,
				660197F12B16DAA1001616DA /* FrameworkDetail */,
			);
			path = Screens;
			sourceTree = "<group>";
		};
		660197EF2B16DA5C001616DA /* Model */ = {
			isa = PBXGroup;
			children = (
				660197DB2B167BA7001616DA /* Framework.swift */,
			);
			path = Model;
			sourceTree = "<group>";
		};
		660197F02B16DA7A001616DA /* FrameworkGridView */ = {
			isa = PBXGroup;
			children = (
				660197DF2B167BE7001616DA /* FrameworksGridView.swift */,
				660197E52B16A5A2001616DA /* FrameworkGridViewModel.swift */,
			);
			path = FrameworkGridView;
			sourceTree = "<group>";
		};
		660197F12B16DAA1001616DA /* FrameworkDetail */ = {
			isa = PBXGroup;
			children = (
				660197E12B169AF3001616DA /* FrameworkDetailView.swift */,
				66EC8DD92B263FC300DE835D /* FrameworkDetailViewModel.swift */,
			);
			path = FrameworkDetail;
			sourceTree = "<group>";
		};
		660197F22B16DAEF001616DA /* Buttons */ = {
			isa = PBXGroup;
			children = (
				660197E92B16D7A8001616DA /* XDismissButton.swift */,
				660197E32B169EDD001616DA /* AFButton.swift */,
			);
			path = Buttons;
			sourceTree = "<group>";
		};
		660197F32B16DB01001616DA /* View */ = {
			isa = PBXGroup;
			children = (
				660197D92B167B7C001616DA /* FrameworkStack.swift */,
			);
			path = View;
			sourceTree = "<group>";
		};
		660197F42B16DB32001616DA /* UI Kit Components */ = {
			isa = PBXGroup;
			children = (
				660197CB2B167B53001616DA /* SwiftUI_FrameworksApp.swift */,
				660197E72B16C928001616DA /* SafariView.swift */,
			);
			path = "UI Kit Components";
			sourceTree = "<group>";
		};
/* End PBXGroup section */

/* Begin PBXNativeTarget section */
		660197C72B167B53001616DA /* SwiftUI-Frameworks */ = {
			isa = PBXNativeTarget;
			buildConfigurationList = 660197D62B167B55001616DA /* Build configuration list for PBXNativeTarget "SwiftUI-Frameworks" */;
			buildPhases = (
				660197C42B167B53001616DA /* Sources */,
				660197C52B167B53001616DA /* Frameworks */,
				660197C62B167B53001616DA /* Resources */,
			);
			buildRules = (
			);
			dependencies = (
			);
			name = "SwiftUI-Frameworks";
			productName = "SwiftUI-Frameworks";
			productReference = 660197C82B167B53001616DA /* SwiftUI-Frameworks.app */;
			productType = "com.apple.product-type.application";
		};
/* End PBXNativeTarget section */

/* Begin PBXProject section */
		660197C02B167B53001616DA /* Project object */ = {
			isa = PBXProject;
			attributes = {
				BuildIndependentTargetsInParallel = 1;
				LastSwiftUpdateCheck = 1500;
				LastUpgradeCheck = 1500;
				TargetAttributes = {
					660197C72B167B53001616DA = {
						CreatedOnToolsVersion = 15.0.1;
					};
				};
			};
			buildConfigurationList = 660197C32B167B53001616DA /* Build configuration list for PBXProject "SwiftUI-Frameworks" */;
			compatibilityVersion = "Xcode 14.0";
			developmentRegion = en;
			hasScannedForEncodings = 0;
			knownRegions = (
				en,
				Base,
			);
			mainGroup = 660197BF2B167B53001616DA;
			productRefGroup = 660197C92B167B53001616DA /* Products */;
			projectDirPath = "";
			projectRoot = "";
			targets = (
				660197C72B167B53001616DA /* SwiftUI-Frameworks */,
			);
		};
/* End PBXProject section */

/* Begin PBXResourcesBuildPhase section */
		660197C62B167B53001616DA /* Resources */ = {
			isa = PBXResourcesBuildPhase;
			buildActionMask = 2147483647;
			files = (
				660197D32B167B55001616DA /* Preview Assets.xcassets in Resources */,
				660197D02B167B55001616DA /* Assets.xcassets in Resources */,
			);
			runOnlyForDeploymentPostprocessing = 0;
		};
/* End PBXResourcesBuildPhase section */

/* Begin PBXSourcesBuildPhase section */
		660197C42B167B53001616DA /* Sources */ = {
			isa = PBXSourcesBuildPhase;
			buildActionMask = 2147483647;
			files = (
				66EC8DDA2B263FC300DE835D /* FrameworkDetailViewModel.swift in Sources */,
				660197DC2B167BA7001616DA /* Framework.swift in Sources */,
				660197E02B167BE7001616DA /* FrameworksGridView.swift in Sources */,
				660197EA2B16D7A8001616DA /* XDismissButton.swift in Sources */,
				660197E22B169AF3001616DA /* FrameworkDetailView.swift in Sources */,
				660197DA2B167B7C001616DA /* FrameworkStack.swift in Sources */,
				660197E82B16C928001616DA /* SafariView.swift in Sources */,
				660197E42B169EDD001616DA /* AFButton.swift in Sources */,
				660197E62B16A5A2001616DA /* FrameworkGridViewModel.swift in Sources */,
				660197CC2B167B53001616DA /* SwiftUI_FrameworksApp.swift in Sources */,
			);
			runOnlyForDeploymentPostprocessing = 0;
		};
/* End PBXSourcesBuildPhase section */

/* Begin XCBuildConfiguration section */
		660197D42B167B55001616DA /* Debug */ = {
			isa = XCBuildConfiguration;
			buildSettings = {
				ALWAYS_SEARCH_USER_PATHS = NO;
				ASSETCATALOG_COMPILER_GENERATE_SWIFT_ASSET_SYMBOL_EXTENSIONS = YES;
				CLANG_ANALYZER_NONNULL = YES;
				CLANG_ANALYZER_NUMBER_OBJECT_CONVERSION = YES_AGGRESSIVE;
				CLANG_CXX_LANGUAGE_STANDARD = "gnu++20";
				CLANG_ENABLE_MODULES = YES;
				CLANG_ENABLE_OBJC_ARC = YES;
				CLANG_ENABLE_OBJC_WEAK = YES;
				CLANG_WARN_BLOCK_CAPTURE_AUTORELEASING = YES;
				CLANG_WARN_BOOL_CONVERSION = YES;
				CLANG_WARN_COMMA = YES;
				CLANG_WARN_CONSTANT_CONVERSION = YES;
				CLANG_WARN_DEPRECATED_OBJC_IMPLEMENTATIONS = YES;
				CLANG_WARN_DIRECT_OBJC_ISA_USAGE = YES_ERROR;
				CLANG_WARN_DOCUMENTATION_COMMENTS = YES;
				CLANG_WARN_EMPTY_BODY = YES;
				CLANG_WARN_ENUM_CONVERSION = YES;
				CLANG_WARN_INFINITE_RECURSION = YES;
				CLANG_WARN_INT_CONVERSION = YES;
				CLANG_WARN_NON_LITERAL_NULL_CONVERSION = YES;
				CLANG_WARN_OBJC_IMPLICIT_RETAIN_SELF = YES;
				CLANG_WARN_OBJC_LITERAL_CONVERSION = YES;
				CLANG_WARN_OBJC_ROOT_CLASS = YES_ERROR;
				CLANG_WARN_QUOTED_INCLUDE_IN_FRAMEWORK_HEADER = YES;
				CLANG_WARN_RANGE_LOOP_ANALYSIS = YES;
				CLANG_WARN_STRICT_PROTOTYPES = YES;
				CLANG_WARN_SUSPICIOUS_MOVE = YES;
				CLANG_WARN_UNGUARDED_AVAILABILITY = YES_AGGRESSIVE;
				CLANG_WARN_UNREACHABLE_CODE = YES;
				CLANG_WARN__DUPLICATE_METHOD_MATCH = YES;
				COPY_PHASE_STRIP = NO;
				DEBUG_INFORMATION_FORMAT = dwarf;
				ENABLE_STRICT_OBJC_MSGSEND = YES;
				ENABLE_TESTABILITY = YES;
				ENABLE_USER_SCRIPT_SANDBOXING = YES;
				GCC_C_LANGUAGE_STANDARD = gnu17;
				GCC_DYNAMIC_NO_PIC = NO;
				GCC_NO_COMMON_BLOCKS = YES;
				GCC_OPTIMIZATION_LEVEL = 0;
				GCC_PREPROCESSOR_DEFINITIONS = (
					"DEBUG=1",
					"$(inherited)",
				);
				GCC_WARN_64_TO_32_BIT_CONVERSION = YES;
				GCC_WARN_ABOUT_RETURN_TYPE = YES_ERROR;
				GCC_WARN_UNDECLARED_SELECTOR = YES;
				GCC_WARN_UNINITIALIZED_AUTOS = YES_AGGRESSIVE;
				GCC_WARN_UNUSED_FUNCTION = YES;
				GCC_WARN_UNUSED_VARIABLE = YES;
				IPHONEOS_DEPLOYMENT_TARGET = 17.0;
				LOCALIZATION_PREFERS_STRING_CATALOGS = YES;
				MTL_ENABLE_DEBUG_INFO = INCLUDE_SOURCE;
				MTL_FAST_MATH = YES;
				ONLY_ACTIVE_ARCH = YES;
				SDKROOT = iphoneos;
				SWIFT_ACTIVE_COMPILATION_CONDITIONS = "DEBUG $(inherited)";
				SWIFT_OPTIMIZATION_LEVEL = "-Onone";
			};
			name = Debug;
		};
		660197D52B167B55001616DA /* Release */ = {
			isa = XCBuildConfiguration;
			buildSettings = {
				ALWAYS_SEARCH_USER_PATHS = NO;
				ASSETCATALOG_COMPILER_GENERATE_SWIFT_ASSET_SYMBOL_EXTENSIONS = YES;
				CLANG_ANALYZER_NONNULL = YES;
				CLANG_ANALYZER_NUMBER_OBJECT_CONVERSION = YES_AGGRESSIVE;
				CLANG_CXX_LANGUAGE_STANDARD = "gnu++20";
				CLANG_ENABLE_MODULES = YES;
				CLANG_ENABLE_OBJC_ARC = YES;
				CLANG_ENABLE_OBJC_WEAK = YES;
				CLANG_WARN_BLOCK_CAPTURE_AUTORELEASING = YES;
				CLANG_WARN_BOOL_CONVERSION = YES;
				CLANG_WARN_COMMA = YES;
				CLANG_WARN_CONSTANT_CONVERSION = YES;
				CLANG_WARN_DEPRECATED_OBJC_IMPLEMENTATIONS = YES;
				CLANG_WARN_DIRECT_OBJC_ISA_USAGE = YES_ERROR;
				CLANG_WARN_DOCUMENTATION_COMMENTS = YES;
				CLANG_WARN_EMPTY_BODY = YES;
				CLANG_WARN_ENUM_CONVERSION = YES;
				CLANG_WARN_INFINITE_RECURSION = YES;
				CLANG_WARN_INT_CONVERSION = YES;
				CLANG_WARN_NON_LITERAL_NULL_CONVERSION = YES;
				CLANG_WARN_OBJC_IMPLICIT_RETAIN_SELF = YES;
				CLANG_WARN_OBJC_LITERAL_CONVERSION = YES;
				CLANG_WARN_OBJC_ROOT_CLASS = YES_ERROR;
				CLANG_WARN_QUOTED_INCLUDE_IN_FRAMEWORK_HEADER = YES;
				CLANG_WARN_RANGE_LOOP_ANALYSIS = YES;
				CLANG_WARN_STRICT_PROTOTYPES = YES;
				CLANG_WARN_SUSPICIOUS_MOVE = YES;
				CLANG_WARN_UNGUARDED_AVAILABILITY = YES_AGGRESSIVE;
				CLANG_WARN_UNREACHABLE_CODE = YES;
				CLANG_WARN__DUPLICATE_METHOD_MATCH = YES;
				COPY_PHASE_STRIP = NO;
				DEBUG_INFORMATION_FORMAT = "dwarf-with-dsym";
				ENABLE_NS_ASSERTIONS = NO;
				ENABLE_STRICT_OBJC_MSGSEND = YES;
				ENABLE_USER_SCRIPT_SANDBOXING = YES;
				GCC_C_LANGUAGE_STANDARD = gnu17;
				GCC_NO_COMMON_BLOCKS = YES;
				GCC_WARN_64_TO_32_BIT_CONVERSION = YES;
				GCC_WARN_ABOUT_RETURN_TYPE = YES_ERROR;
				GCC_WARN_UNDECLARED_SELECTOR = YES;
				GCC_WARN_UNINITIALIZED_AUTOS = YES_AGGRESSIVE;
				GCC_WARN_UNUSED_FUNCTION = YES;
				GCC_WARN_UNUSED_VARIABLE = YES;
				IPHONEOS_DEPLOYMENT_TARGET = 17.0;
				LOCALIZATION_PREFERS_STRING_CATALOGS = YES;
				MTL_ENABLE_DEBUG_INFO = NO;
				MTL_FAST_MATH = YES;
				SDKROOT = iphoneos;
				SWIFT_COMPILATION_MODE = wholemodule;
				VALIDATE_PRODUCT = YES;
			};
			name = Release;
		};
		660197D72B167B55001616DA /* Debug */ = {
			isa = XCBuildConfiguration;
			buildSettings = {
				ASSETCATALOG_COMPILER_APPICON_NAME = AppIcon;
				ASSETCATALOG_COMPILER_GLOBAL_ACCENT_COLOR_NAME = AccentColor;
				CODE_SIGN_STYLE = Automatic;
				CURRENT_PROJECT_VERSION = 1;
				DEVELOPMENT_ASSET_PATHS = "\"SwiftUI-Frameworks/Preview Content\"";
				ENABLE_PREVIEWS = YES;
				GENERATE_INFOPLIST_FILE = YES;
				INFOPLIST_KEY_UIApplicationSceneManifest_Generation = YES;
				INFOPLIST_KEY_UIApplicationSupportsIndirectInputEvents = YES;
				INFOPLIST_KEY_UILaunchScreen_Generation = YES;
				INFOPLIST_KEY_UISupportedInterfaceOrientations_iPad = "UIInterfaceOrientationPortrait UIInterfaceOrientationPortraitUpsideDown UIInterfaceOrientationLandscapeLeft UIInterfaceOrientationLandscapeRight";
				INFOPLIST_KEY_UISupportedInterfaceOrientations_iPhone = "UIInterfaceOrientationPortrait UIInterfaceOrientationLandscapeLeft UIInterfaceOrientationLandscapeRight";
				LD_RUNPATH_SEARCH_PATHS = (
					"$(inherited)",
					"@executable_path/Frameworks",
				);
				MARKETING_VERSION = 1.0;
				PRODUCT_BUNDLE_IDENTIFIER = "learn.SwiftUI-Frameworks";
				PRODUCT_NAME = "$(TARGET_NAME)";
				SWIFT_EMIT_LOC_STRINGS = YES;
				SWIFT_VERSION = 5.0;
				TARGETED_DEVICE_FAMILY = "1,2";
			};
			name = Debug;
		};
		660197D82B167B55001616DA /* Release */ = {
			isa = XCBuildConfiguration;
			buildSettings = {
				ASSETCATALOG_COMPILER_APPICON_NAME = AppIcon;
				ASSETCATALOG_COMPILER_GLOBAL_ACCENT_COLOR_NAME = AccentColor;
				CODE_SIGN_STYLE = Automatic;
				CURRENT_PROJECT_VERSION = 1;
				DEVELOPMENT_ASSET_PATHS = "\"SwiftUI-Frameworks/Preview Content\"";
				ENABLE_PREVIEWS = YES;
				GENERATE_INFOPLIST_FILE = YES;
				INFOPLIST_KEY_UIApplicationSceneManifest_Generation = YES;
				INFOPLIST_KEY_UIApplicationSupportsIndirectInputEvents = YES;
				INFOPLIST_KEY_UILaunchScreen_Generation = YES;
				INFOPLIST_KEY_UISupportedInterfaceOrientations_iPad = "UIInterfaceOrientationPortrait UIInterfaceOrientationPortraitUpsideDown UIInterfaceOrientationLandscapeLeft UIInterfaceOrientationLandscapeRight";
				INFOPLIST_KEY_UISupportedInterfaceOrientations_iPhone = "UIInterfaceOrientationPortrait UIInterfaceOrientationLandscapeLeft UIInterfaceOrientationLandscapeRight";
				LD_RUNPATH_SEARCH_PATHS = (
					"$(inherited)",
					"@executable_path/Frameworks",
				);
				MARKETING_VERSION = 1.0;
				PRODUCT_BUNDLE_IDENTIFIER = "learn.SwiftUI-Frameworks";
				PRODUCT_NAME = "$(TARGET_NAME)";
				SWIFT_EMIT_LOC_STRINGS = YES;
				SWIFT_VERSION = 5.0;
				TARGETED_DEVICE_FAMILY = "1,2";
			};
			name = Release;
		};
/* End XCBuildConfiguration section */

/* Begin XCConfigurationList section */
		660197C32B167B53001616DA /* Build configuration list for PBXProject "SwiftUI-Frameworks" */ = {
			isa = XCConfigurationList;
			buildConfigurations = (
				660197D42B167B55001616DA /* Debug */,
				660197D52B167B55001616DA /* Release */,
			);
			defaultConfigurationIsVisible = 0;
			defaultConfigurationName = Release;
		};
		660197D62B167B55001616DA /* Build configuration list for PBXNativeTarget "SwiftUI-Frameworks" */ = {
			isa = XCConfigurationList;
			buildConfigurations = (
				660197D72B167B55001616DA /* Debug */,
				660197D82B167B55001616DA /* Release */,
			);
			defaultConfigurationIsVisible = 0;
			defaultConfigurationName = Release;
		};
/* End XCConfigurationList section */
	};
	rootObject = 660197C02B167B53001616DA /* Project object */;
}
